PODS:
  - Embassy (4.1.0)
  - ReachabilitySwift (4.3.1)
  - Realm (4.0.0):
    - Realm/Headers (= 4.0.0)
  - Realm/Headers (4.0.0)
  - RealmSwift (4.0.0):
    - Realm (= 4.0.0)

DEPENDENCIES:
  - Embassy
  - ReachabilitySwift (~> 4.3.0)
  - RealmSwift

SPEC REPOS:
  trunk:
    - Embassy
    - ReachabilitySwift
    - Realm
    - RealmSwift

SPEC CHECKSUMS:
  Embassy: 296c51c4b16b8377b413f48f413a99aa736adc22
  ReachabilitySwift: 4032e2f59586e11e3b0ebe15b167abdd587a388b
  Realm: 0c5b8f398daeec5b29824e41c453ff9e126e31d8
  RealmSwift: 02e1f604f7091ec535145055764ca53efa8cdc92

PODFILE CHECKSUM: 077423d3788bc77bb7f3c5e46eca0a550d11d239

COCOAPODS: 1.8.4
